
Microsoft Visual Studio Solution File, Format Version 12.00
# Visual Studio 15
VisualStudioVersion = 15.0.28307.489
MinimumVisualStudioVersion = 10.0.40219.1
Project("{FAE04EC0-301F-11D3-BF4B-00C04F79EFBC}") = "Quiz", "Quiz\Quiz.csproj", "{211E30B1-54D9-4C70-A609-AE6670966CFC}"
EndProject
Global
	GlobalSection(SolutionConfigurationPlatforms) = preSolution
		Debug|Any CPU = Debug|Any CPU
		Release|Any CPU = Release|Any CPU
	EndGlobalSection
	GlobalSection(ProjectConfigurationPlatforms) = postSolution
		{211E30B1-54D9-4C70-A609-AE6670966CFC}.Debug|Any CPU.ActiveCfg = Debug|Any CPU
		{211E30B1-54D9-4C70-A609-AE6670966CFC}.Debug|Any CPU.Build.0 = Debug|Any CPU
		{211E30B1-54D9-4C70-A609-AE6670966CFC}.Release|Any CPU.ActiveCfg = Release|Any CPU
		{211E30B1-54D9-4C70-A609-AE6670966CFC}.Release|Any CPU.Build.0 = Release|Any CPU
	EndGlobalSection
	GlobalSection(SolutionProperties) = preSolution
		HideSolutionNode = FALSE
	EndGlobalSection
	GlobalSection(ExtensibilityGlobals) = postSolution
		SolutionGuid = {709280E1-FE33-421F-8777-96649D0CEAD7}
	EndGlobalSection
EndGlobal
